
Microsoft Visual Studio Solution File, Format Version 12.00
# Visual Studio Version 17
VisualStudioVersion = 17.3.32901.215
MinimumVisualStudioVersion = 10.0.40219.1
Project("{FAE04EC0-301F-11D3-BF4B-00C04F79EFBC}") = "LoginMVCProgram", "LoginMVCProgram\LoginMVCProgram.csproj", "{E64F4B8B-6624-4EBB-9B74-6FDAE7122F21}"
EndProject
Global
	GlobalSection(SolutionConfigurationPlatforms) = preSolution
		Debug|Any CPU = Debug|Any CPU
		Release|Any CPU = Release|Any CPU
	EndGlobalSection
	GlobalSection(ProjectConfigurationPlatforms) = postSolution
		{E64F4B8B-6624-4EBB-9B74-6FDAE7122F21}.Debug|Any CPU.ActiveCfg = Debug|Any CPU
		{E64F4B8B-6624-4EBB-9B74-6FDAE7122F21}.Debug|Any CPU.Build.0 = Debug|Any CPU
		{E64F4B8B-6624-4EBB-9B74-6FDAE7122F21}.Release|Any CPU.ActiveCfg = Release|Any CPU
		{E64F4B8B-6624-4EBB-9B74-6FDAE7122F21}.Release|Any CPU.Build.0 = Release|Any CPU
	EndGlobalSection
	GlobalSection(SolutionProperties) = preSolution
		HideSolutionNode = FALSE
	EndGlobalSection
	GlobalSection(ExtensibilityGlobals) = postSolution
		SolutionGuid = {3DB02CB1-3D46-4B37-B1C2-69132B51E279}
	EndGlobalSection
EndGlobal
